
Microsoft Visual Studio Solution File, Format Version 12.00
# Visual Studio Version 17
VisualStudioVersion = 17.0.31903.59
MinimumVisualStudioVersion = 10.0.40219.1
Project("{FAE04EC0-301F-11D3-BF4B-00C04F79EFBC}") = "VjezbaTreca", "VjezbaTreca.csproj", "{8D3C6804-4A36-47F5-A7B5-0159EEE3091D}"
EndProject
Global
	GlobalSection(SolutionConfigurationPlatforms) = preSolution
		Debug|Any CPU = Debug|Any CPU
		Release|Any CPU = Release|Any CPU
	EndGlobalSection
	GlobalSection(ProjectConfigurationPlatforms) = postSolution
		{8D3C6804-4A36-47F5-A7B5-0159EEE3091D}.Debug|Any CPU.ActiveCfg = Debug|Any CPU
		{8D3C6804-4A36-47F5-A7B5-0159EEE3091D}.Debug|Any CPU.Build.0 = Debug|Any CPU
		{8D3C6804-4A36-47F5-A7B5-0159EEE3091D}.Release|Any CPU.ActiveCfg = Release|Any CPU
		{8D3C6804-4A36-47F5-A7B5-0159EEE3091D}.Release|Any CPU.Build.0 = Release|Any CPU
	EndGlobalSection
	GlobalSection(SolutionProperties) = preSolution
		HideSolutionNode = FALSE
	EndGlobalSection
	GlobalSection(ExtensibilityGlobals) = postSolution
		SolutionGuid = {FB97EFC3-2A98-4963-A3CC-88450581970D}
	EndGlobalSection
EndGlobal
